# THIS IS AN AUTOGENERATED FILE. DO NOT EDIT THIS FILE DIRECTLY.
# yarn lockfile v1


marked@^1.2.4:
  version "1.2.4"
  resolved "https://registry.yarnpkg.com/marked/-/marked-1.2.4.tgz#94e99230b03496c9383b1322ac51bc17dd388a1d"
  integrity sha512-6x5TFGCTKSQBLTZtOburGxCxFEBJEGYVLwCMTBCxzvyuisGcC20UNzDSJhCr/cJ/Kmh6ulfJm10g6WWEAJ3kvg==
